
Microsoft Visual Studio Solution File, Format Version 12.00
# Visual Studio Version 16
VisualStudioVersion = 16.0.31313.79
MinimumVisualStudioVersion = 10.0.40219.1
Project("{FAE04EC0-301F-11D3-BF4B-00C04F79EFBC}") = "projectForm", "projectForm\projectForm.csproj", "{36737EA1-0889-4321-8D13-A6B4727E832C}"
EndProject
Global
	GlobalSection(SolutionConfigurationPlatforms) = preSolution
		Debug|Any CPU = Debug|Any CPU
		Release|Any CPU = Release|Any CPU
	EndGlobalSection
	GlobalSection(ProjectConfigurationPlatforms) = postSolution
		{36737EA1-0889-4321-8D13-A6B4727E832C}.Debug|Any CPU.ActiveCfg = Debug|Any CPU
		{36737EA1-0889-4321-8D13-A6B4727E832C}.Debug|Any CPU.Build.0 = Debug|Any CPU
		{36737EA1-0889-4321-8D13-A6B4727E832C}.Release|Any CPU.ActiveCfg = Release|Any CPU
		{36737EA1-0889-4321-8D13-A6B4727E832C}.Release|Any CPU.Build.0 = Release|Any CPU
	EndGlobalSection
	GlobalSection(SolutionProperties) = preSolution
		HideSolutionNode = FALSE
	EndGlobalSection
	GlobalSection(ExtensibilityGlobals) = postSolution
		SolutionGuid = {0D4E789A-332E-4CF2-B430-B92BCF7BB931}
	EndGlobalSection
EndGlobal
